
Microsoft Visual Studio Solution File, Format Version 11.00
# Visual Studio 2010
Project("{FAE04EC0-301F-11D3-BF4B-00C04F79EFBC}") = "FluentTest", "FluentTest\FluentTest.csproj", "{B84CB44C-AAE7-4CCB-9139-6DDB90AB38E4}"
EndProject
Project("{FAE04EC0-301F-11D3-BF4B-00C04F79EFBC}") = "Demo", "Demo\Demo.csproj", "{A65FDBE2-C5C9-4DF1-96F1-D2768A43BA9C}"
EndProject
Global
	GlobalSection(SolutionConfigurationPlatforms) = preSolution
		Debug|Any CPU = Debug|Any CPU
		Release|Any CPU = Release|Any CPU
	EndGlobalSection
	GlobalSection(ProjectConfigurationPlatforms) = postSolution
		{B84CB44C-AAE7-4CCB-9139-6DDB90AB38E4}.Debug|Any CPU.ActiveCfg = Debug|Any CPU
		{B84CB44C-AAE7-4CCB-9139-6DDB90AB38E4}.Debug|Any CPU.Build.0 = Debug|Any CPU
		{B84CB44C-AAE7-4CCB-9139-6DDB90AB38E4}.Release|Any CPU.ActiveCfg = Release|Any CPU
		{B84CB44C-AAE7-4CCB-9139-6DDB90AB38E4}.Release|Any CPU.Build.0 = Release|Any CPU
		{A65FDBE2-C5C9-4DF1-96F1-D2768A43BA9C}.Debug|Any CPU.ActiveCfg = Debug|Any CPU
		{A65FDBE2-C5C9-4DF1-96F1-D2768A43BA9C}.Debug|Any CPU.Build.0 = Debug|Any CPU
		{A65FDBE2-C5C9-4DF1-96F1-D2768A43BA9C}.Release|Any CPU.ActiveCfg = Release|Any CPU
		{A65FDBE2-C5C9-4DF1-96F1-D2768A43BA9C}.Release|Any CPU.Build.0 = Release|Any CPU
	EndGlobalSection
	GlobalSection(SolutionProperties) = preSolution
		HideSolutionNode = FALSE
	EndGlobalSection
EndGlobal
